
Microsoft Visual Studio Solution File, Format Version 12.00
# Visual Studio Version 17
VisualStudioVersion = 17.4.33213.308
MinimumVisualStudioVersion = 10.0.40219.1
Project("{FAE04EC0-301F-11D3-BF4B-00C04F79EFBC}") = "SkateFactory3.WebUI", "SkateFactory3.WebUI\SkateFactory3.WebUI.csproj", "{D2220096-B801-45E1-B06D-A23583DFC024}"
EndProject
Project("{FAE04EC0-301F-11D3-BF4B-00C04F79EFBC}") = "SkateFactory3.Data", "SkateFactory3.Data\SkateFactory3.Data.csproj", "{C92FCE6F-F142-4EC9-8053-062ACACFBD60}"
EndProject
Project("{FAE04EC0-301F-11D3-BF4B-00C04F79EFBC}") = "SkateFactory3.Models", "SkateFactory3.Models\SkateFactory3.Models.csproj", "{22255A35-723A-46F1-8393-319976EDAA61}"
EndProject
Global
	GlobalSection(SolutionConfigurationPlatforms) = preSolution
		Debug|Any CPU = Debug|Any CPU
		Release|Any CPU = Release|Any CPU
	EndGlobalSection
	GlobalSection(ProjectConfigurationPlatforms) = postSolution
		{D2220096-B801-45E1-B06D-A23583DFC024}.Debug|Any CPU.ActiveCfg = Debug|Any CPU
		{D2220096-B801-45E1-B06D-A23583DFC024}.Debug|Any CPU.Build.0 = Debug|Any CPU
		{D2220096-B801-45E1-B06D-A23583DFC024}.Release|Any CPU.ActiveCfg = Release|Any CPU
		{D2220096-B801-45E1-B06D-A23583DFC024}.Release|Any CPU.Build.0 = Release|Any CPU
		{C92FCE6F-F142-4EC9-8053-062ACACFBD60}.Debug|Any CPU.ActiveCfg = Debug|Any CPU
		{C92FCE6F-F142-4EC9-8053-062ACACFBD60}.Debug|Any CPU.Build.0 = Debug|Any CPU
		{C92FCE6F-F142-4EC9-8053-062ACACFBD60}.Release|Any CPU.ActiveCfg = Release|Any CPU
		{C92FCE6F-F142-4EC9-8053-062ACACFBD60}.Release|Any CPU.Build.0 = Release|Any CPU
		{22255A35-723A-46F1-8393-319976EDAA61}.Debug|Any CPU.ActiveCfg = Debug|Any CPU
		{22255A35-723A-46F1-8393-319976EDAA61}.Debug|Any CPU.Build.0 = Debug|Any CPU
		{22255A35-723A-46F1-8393-319976EDAA61}.Release|Any CPU.ActiveCfg = Release|Any CPU
		{22255A35-723A-46F1-8393-319976EDAA61}.Release|Any CPU.Build.0 = Release|Any CPU
	EndGlobalSection
	GlobalSection(SolutionProperties) = preSolution
		HideSolutionNode = FALSE
	EndGlobalSection
	GlobalSection(ExtensibilityGlobals) = postSolution
		SolutionGuid = {F58DE38D-62C7-465A-8ADB-0938CCD2A71E}
	EndGlobalSection
EndGlobal
